{
  "nodes": {
    "cmp-buffer": {
      "flake": false,
      "locked": {
        "lastModified": 1660101488,
        "narHash": "sha256-dG4U7MtnXThoa/PD+qFtCt76MQ14V1wX8GMYcvxEnbM=",
        "owner": "hrsh7th",
        "repo": "cmp-buffer",
        "rev": "3022dbc9166796b644a841a02de8dd1cc1d311fa",
        "type": "github"
      },
      "original": {
        "owner": "hrsh7th",
        "repo": "cmp-buffer",
        "type": "github"
      }
    },
    "cmp-nvim-lsp": {
      "flake": false,
      "locked": {
        "lastModified": 1687494203,
        "narHash": "sha256-mU0soCz79erJXMMqD/FyrJZ0mu2n6fE0deymPzQlxts=",
        "owner": "hrsh7th",
        "repo": "cmp-nvim-lsp",
        "rev": "44b16d11215dce86f253ce0c30949813c0a90765",
        "type": "github"
      },
      "original": {
        "owner": "hrsh7th",
        "repo": "cmp-nvim-lsp",
        "type": "github"
      }
    },
    "cmp-path": {
      "flake": false,
      "locked": {
        "lastModified": 1664784283,
        "narHash": "sha256-thppiiV3wjIaZnAXmsh7j3DUc6ceSCvGzviwFUnoPaI=",
        "owner": "hrsh7th",
        "repo": "cmp-path",
        "rev": "91ff86cd9c29299a64f968ebb45846c485725f23",
        "type": "github"
      },
      "original": {
        "owner": "hrsh7th",
        "repo": "cmp-path",
        "type": "github"
      }
    },
    "cmp-vsnip": {
      "flake": false,
      "locked": {
        "lastModified": 1669100283,
        "narHash": "sha256-2mkN03noOr5vBvRbSb35xZKorSH+8savQNZtgM9+QcM=",
        "owner": "hrsh7th",
        "repo": "cmp-vsnip",
        "rev": "989a8a73c44e926199bfd05fa7a516d51f2d2752",
        "type": "github"
      },
      "original": {
        "owner": "hrsh7th",
        "repo": "cmp-vsnip",
        "type": "github"
      }
    },
    "color-schemes": {
      "flake": false,
      "locked": {
        "lastModified": 1589579820,
        "narHash": "sha256-5Y29LUC1cddrX/mwLQoMTWxRcvXHYrgRo+s5IKRx+k4=",
        "owner": "flazz",
        "repo": "vim-colorschemes",
        "rev": "fd8f122cef604330c96a6a6e434682dbdfb878c9",
        "type": "github"
      },
      "original": {
        "owner": "flazz",
        "repo": "vim-colorschemes",
        "type": "github"
      }
    },
    "flake-compat": {
      "flake": false,
      "locked": {
        "lastModified": 1673956053,
        "narHash": "sha256-4gtG9iQuiKITOjNQQeQIpoIB6b16fm+504Ch3sNKLd8=",
        "owner": "edolstra",
        "repo": "flake-compat",
        "rev": "35bb57c0c8d8b62bbfd284272c928ceb64ddbde9",
        "type": "github"
      },
      "original": {
        "owner": "edolstra",
        "repo": "flake-compat",
        "type": "github"
      }
    },
    "flake-utils": {
      "inputs": {
        "systems": "systems"
      },
      "locked": {
        "lastModified": 1694529238,
        "narHash": "sha256-zsNZZGTGnMOf9YpHKJqMSsa0dXbfmxeoJ7xHlrt+xmY=",
        "owner": "numtide",
        "repo": "flake-utils",
        "rev": "ff7b65b44d01cf9ba6a71320833626af21126384",
        "type": "github"
      },
      "original": {
        "owner": "numtide",
        "repo": "flake-utils",
        "type": "github"
      }
    },
    "flake-utils_2": {
      "locked": {
        "lastModified": 1667395993,
        "narHash": "sha256-nuEHfE/LcWyuSWnS8t12N1wc105Qtau+/OdUAjtQ0rA=",
        "owner": "numtide",
        "repo": "flake-utils",
        "rev": "5aed5285a952e0b949eb3ba02c12fa4fcfef535f",
        "type": "github"
      },
      "original": {
        "owner": "numtide",
        "repo": "flake-utils",
        "type": "github"
      }
    },
    "lsp-config": {
      "flake": false,
      "locked": {
        "lastModified": 1695051906,
        "narHash": "sha256-b1oJxjCHc22GjAmSF8qUYoYLnkxKRoRhlZBrhsfRpFY=",
        "owner": "neovim",
        "repo": "nvim-lspconfig",
        "rev": "f3195835c0447ee2c80152b893ab51ca162b04a9",
        "type": "github"
      },
      "original": {
        "owner": "neovim",
        "repo": "nvim-lspconfig",
        "type": "github"
      }
    },
    "lsp_extensions": {
      "flake": false,
      "locked": {
        "lastModified": 1657205169,
        "narHash": "sha256-002AYHIcj9f54HOqD+MvzFAod00gi9nG9PDiD6qqPXg=",
        "owner": "nvim-lua",
        "repo": "lsp_extensions.nvim",
        "rev": "92c08d4914d5d272fae13c499aafc9f14eb05ada",
        "type": "github"
      },
      "original": {
        "owner": "nvim-lua",
        "repo": "lsp_extensions.nvim",
        "type": "github"
      }
    },
    "markdown-preview": {
      "flake": false,
      "locked": {
        "lastModified": 1652448059,
        "narHash": "sha256-e1Buvu/lkEt9V5LVDFKWTasnSX6EdtRgWyVDZA8LpUE=",
        "owner": "iamcco",
        "repo": "markdown-preview.nvim",
        "rev": "02cc3874738bc0f86e4b91f09b8a0ac88aef8e96",
        "type": "github"
      },
      "original": {
        "owner": "iamcco",
        "repo": "markdown-preview.nvim",
        "type": "github"
      }
    },
    "neovim-flake": {
      "inputs": {
        "flake-utils": "flake-utils_2",
        "nixpkgs": [
          "neovim-nightly-overlay",
          "nixpkgs"
        ]
      },
      "locked": {
        "dir": "contrib",
        "lastModified": 1682581904,
        "narHash": "sha256-9P4T2erXXrPxXTTLgD29U/IdKCOYqP4xbwdYswtVBA8=",
        "owner": "neovim",
        "repo": "neovim",
        "rev": "d321deb4a9b05e9d81b79ac166274f4a6e7981bf",
        "type": "github"
      },
      "original": {
        "dir": "contrib",
        "owner": "neovim",
        "repo": "neovim",
        "type": "github"
      }
    },
    "neovim-nightly-overlay": {
      "inputs": {
        "flake-compat": "flake-compat",
        "neovim-flake": "neovim-flake",
        "nixpkgs": [
          "nixpkgs"
        ]
      },
      "locked": {
        "lastModified": 1682583188,
        "narHash": "sha256-CqXxDWqRLc7liA8cwafV4TQ5ggxx3PTlvDs8CUuF5HY=",
        "owner": "nix-community",
        "repo": "neovim-nightly-overlay",
        "rev": "c57746e2b9e3b42c0be9d9fd1d765f245c3827b7",
        "type": "github"
      },
      "original": {
        "owner": "nix-community",
        "repo": "neovim-nightly-overlay",
        "type": "github"
      }
    },
    "nixpkgs": {
      "locked": {
        "lastModified": 1694959747,
        "narHash": "sha256-CXQ2MuledDVlVM5dLC4pB41cFlBWxRw4tCBsFrq3cRk=",
        "owner": "nixos",
        "repo": "nixpkgs",
        "rev": "970a59bd19eff3752ce552935687100c46e820a5",
        "type": "github"
      },
      "original": {
        "owner": "nixos",
        "ref": "nixos-unstable",
        "repo": "nixpkgs",
        "type": "github"
      }
    },
    "nvim-cmp": {
      "flake": false,
      "locked": {
        "lastModified": 1693063902,
        "narHash": "sha256-WGck3By9GhnBUmzLGi2wnKjDreQx5kBOmHCbC5BZhfo=",
        "owner": "hrsh7th",
        "repo": "nvim-cmp",
        "rev": "5dce1b778b85c717f6614e3f4da45e9f19f54435",
        "type": "github"
      },
      "original": {
        "owner": "hrsh7th",
        "repo": "nvim-cmp",
        "type": "github"
      }
    },
    "nvim-dap": {
      "flake": false,
      "locked": {
        "lastModified": 1694691130,
        "narHash": "sha256-mnK2pFhuWpWb8ynlFZTulA/L4gXASPRuJpGIC/UpUiA=",
        "owner": "mfussenegger",
        "repo": "nvim-dap",
        "rev": "b3d4408e29d924fe130c9397a7c3b3630b3ea671",
        "type": "github"
      },
      "original": {
        "owner": "mfussenegger",
        "repo": "nvim-dap",
        "type": "github"
      }
    },
    "nvim-dap-ui": {
      "flake": false,
      "locked": {
        "lastModified": 1694342930,
        "narHash": "sha256-IdWPzLpNH0fkubELr2uTI7UnB0Yaf/zCkF8WUWBtyaM=",
        "owner": "rcarriga",
        "repo": "nvim-dap-ui",
        "rev": "34160a7ce6072ef332f350ae1d4a6a501daf0159",
        "type": "github"
      },
      "original": {
        "owner": "rcarriga",
        "repo": "nvim-dap-ui",
        "type": "github"
      }
    },
    "nvim-dap-virtual-text": {
      "flake": false,
      "locked": {
        "lastModified": 1685002194,
        "narHash": "sha256-yzMRudA8Wag881ewzw82uXPzHoxaB6kAapPElKN6G6E=",
        "owner": "theHamsta",
        "repo": "nvim-dap-virtual-text",
        "rev": "57f1dbd0458dd84a286b27768c142e1567f3ce3b",
        "type": "github"
      },
      "original": {
        "owner": "theHamsta",
        "repo": "nvim-dap-virtual-text",
        "type": "github"
      }
    },
    "plenary": {
      "flake": false,
      "locked": {
        "lastModified": 1694526433,
        "narHash": "sha256-s3qsKf05X5W1VdZT1vYXGQNK0UaiI+umWUf06Spe4hw=",
        "owner": "nvim-lua",
        "repo": "plenary.nvim",
        "rev": "9ce85b0f7dcfe5358c0be937ad23e456907d410b",
        "type": "github"
      },
      "original": {
        "owner": "nvim-lua",
        "repo": "plenary.nvim",
        "type": "github"
      }
    },
    "popup": {
      "flake": false,
      "locked": {
        "lastModified": 1637254091,
        "narHash": "sha256-dNWz/xovUg55fDZUpVs/2kLphk3lqQyvPtc9ATwbeSQ=",
        "owner": "nvim-lua",
        "repo": "popup.nvim",
        "rev": "b7404d35d5d3548a82149238289fa71f7f6de4ac",
        "type": "github"
      },
      "original": {
        "owner": "nvim-lua",
        "repo": "popup.nvim",
        "type": "github"
      }
    },
    "purescript-vim": {
      "flake": false,
      "locked": {
        "lastModified": 1675674661,
        "narHash": "sha256-IrPiiDghh5qdeaTM6M4oRzay+LvqL3sdoiM2m89O4pA=",
        "owner": "raichoo",
        "repo": "purescript-vim",
        "rev": "82348352e6568fcc0385bd7c99a8ead3a479feea",
        "type": "github"
      },
      "original": {
        "owner": "raichoo",
        "repo": "purescript-vim",
        "type": "github"
      }
    },
    "root": {
      "inputs": {
        "cmp-buffer": "cmp-buffer",
        "cmp-nvim-lsp": "cmp-nvim-lsp",
        "cmp-path": "cmp-path",
        "cmp-vsnip": "cmp-vsnip",
        "color-schemes": "color-schemes",
        "flake-utils": "flake-utils",
        "lsp-config": "lsp-config",
        "lsp_extensions": "lsp_extensions",
        "markdown-preview": "markdown-preview",
        "neovim-nightly-overlay": "neovim-nightly-overlay",
        "nixpkgs": "nixpkgs",
        "nvim-cmp": "nvim-cmp",
        "nvim-dap": "nvim-dap",
        "nvim-dap-ui": "nvim-dap-ui",
        "nvim-dap-virtual-text": "nvim-dap-virtual-text",
        "plenary": "plenary",
        "popup": "popup",
        "purescript-vim": "purescript-vim",
        "rust-tools": "rust-tools",
        "telescope": "telescope",
        "vim-airline": "vim-airline",
        "vim-maximizer": "vim-maximizer",
        "vim-rainbow": "vim-rainbow",
        "vim-vsnip": "vim-vsnip"
      }
    },
    "rust-tools": {
      "flake": false,
      "locked": {
        "lastModified": 1689033186,
        "narHash": "sha256-jtfyDxifchznUupLSao6nmpVqaX1yO0xN+NhqS9fgxg=",
        "owner": "simrat39",
        "repo": "rust-tools.nvim",
        "rev": "0cc8adab23117783a0292a0c8a2fbed1005dc645",
        "type": "github"
      },
      "original": {
        "owner": "simrat39",
        "repo": "rust-tools.nvim",
        "type": "github"
      }
    },
    "systems": {
      "locked": {
        "lastModified": 1681028828,
        "narHash": "sha256-Vy1rq5AaRuLzOxct8nz4T6wlgyUR7zLU309k9mBC768=",
        "owner": "nix-systems",
        "repo": "default",
        "rev": "da67096a3b9bf56a91d16901293e51ba5b49a27e",
        "type": "github"
      },
      "original": {
        "owner": "nix-systems",
        "repo": "default",
        "type": "github"
      }
    },
    "telescope": {
      "flake": false,
      "locked": {
        "lastModified": 1695167748,
        "narHash": "sha256-/SVOhG05LLAl7kYwtf7I2kcBmpWud3DmAVJESp+13SI=",
        "owner": "nvim-telescope",
        "repo": "telescope.nvim",
        "rev": "40c8d2fc2b729dd442eda093cf8c9496d6e23732",
        "type": "github"
      },
      "original": {
        "owner": "nvim-telescope",
        "repo": "telescope.nvim",
        "type": "github"
      }
    },
    "vim-airline": {
      "flake": false,
      "locked": {
        "lastModified": 1689791582,
        "narHash": "sha256-GxO3eIE2If0ob+2AkFa/MWCev7AED2nQgLnlwNG9cGk=",
        "owner": "vim-airline",
        "repo": "vim-airline",
        "rev": "e6bb8427dc2d2dc3583ed1bf5ff6a9682c854d32",
        "type": "github"
      },
      "original": {
        "owner": "vim-airline",
        "repo": "vim-airline",
        "type": "github"
      }
    },
    "vim-maximizer": {
      "flake": false,
      "locked": {
        "lastModified": 1440196645,
        "narHash": "sha256-+VPcMn4NuxLRpY1nXz7APaXlRQVZD3Y7SprB/hvNKww=",
        "owner": "szw",
        "repo": "vim-maximizer",
        "rev": "2e54952fe91e140a2e69f35f22131219fcd9c5f1",
        "type": "github"
      },
      "original": {
        "owner": "szw",
        "repo": "vim-maximizer",
        "type": "github"
      }
    },
    "vim-rainbow": {
      "flake": false,
      "locked": {
        "lastModified": 1547370678,
        "narHash": "sha256-zha3BNZXJSgEWEyh8fcy1+x3Y+c1DV1eTMa/AQ+sj7M=",
        "owner": "frazrepo",
        "repo": "vim-rainbow",
        "rev": "a6c7fd5a2b0193b5dbd03f62ad820b521dea3290",
        "type": "github"
      },
      "original": {
        "owner": "frazrepo",
        "repo": "vim-rainbow",
        "type": "github"
      }
    },
    "vim-vsnip": {
      "flake": false,
      "locked": {
        "lastModified": 1694741111,
        "narHash": "sha256-EbOawtNqAxCHIclKaHfkRWlvHOKAO1p0FYpqlvH5ODo=",
        "owner": "hrsh7th",
        "repo": "vim-vsnip",
        "rev": "be277461265f1e5c7db470aa479f30956597ea9e",
        "type": "github"
      },
      "original": {
        "owner": "hrsh7th",
        "repo": "vim-vsnip",
        "type": "github"
      }
    }
  },
  "root": "root",
  "version": 7
}
